{
    "_readme": [
        "This file locks the dependencies of your project to a known state",
        "Read more about it at https://getcomposer.org/doc/01-basic-usage.md#installing-dependencies",
        "This file is @generated automatically"
    ],
    "content-hash": "c59782a56d3f49450c0568f23ed95ab0",
    "packages": [
        {
            "name": "rsousa/collectibles",
            "version": "v1.0.0",
            "source": {
                "type": "git",
                "url": "https://github.com/sousarmb/collectibles.git",
                "reference": "21a310f8d28a506129aa42f4aed43d72a9673b08"
            },
            "dist": {
                "type": "zip",
                "url": "https://api.github.com/repos/sousarmb/collectibles/zipball/21a310f8d28a506129aa42f4aed43d72a9673b08",
                "reference": "21a310f8d28a506129aa42f4aed43d72a9673b08",
                "shasum": ""
            },
            "require": {
                "php": ">=8.2"
            },
            "type": "project",
            "autoload": {
                "psr-4": {
                    "Collectibles\\": "src/"
                }
            },
            "notification-url": "https://packagist.org/downloads/",
            "license": [
                "MIT"
            ],
            "authors": [
                {
                    "name": "Ricardo Sousa",
                    "email": "rmbsousa@gmail.com"
                }
            ],
            "description": "Class to manage object collections",
            "support": {
                "issues": "https://github.com/sousarmb/collectibles/issues",
                "source": "https://github.com/sousarmb/collectibles/tree/v1.0.0"
            },
            "time": "2024-05-21T23:39:37+00:00"
        },
        {
            "name": "rsousa/flows",
            "version": "v1.0.0",
            "source": {
                "type": "git",
                "url": "https://github.com/sousarmb/flows.git",
                "reference": "58db3f4ddef9997cfb8f0ebe5cad0ee5058bdab9"
            },
            "dist": {
                "type": "zip",
                "url": "https://api.github.com/repos/sousarmb/flows/zipball/58db3f4ddef9997cfb8f0ebe5cad0ee5058bdab9",
                "reference": "58db3f4ddef9997cfb8f0ebe5cad0ee5058bdab9",
                "shasum": ""
            },
            "require": {
                "php": ">=8.2",
                "rsousa/collectibles": "^1.0"
            },
            "type": "project",
            "autoload": {
                "psr-4": {
                    "App\\": "App/",
                    "Flow\\": "src/"
                }
            },
            "notification-url": "https://packagist.org/downloads/",
            "license": [
                "MIT"
            ],
            "authors": [
                {
                    "name": "Ricardo Sousa",
                    "email": "rmbsousa@gmail.com"
                }
            ],
            "description": "Business process model in PHP",
            "support": {
                "issues": "https://github.com/sousarmb/flows/issues",
                "source": "https://github.com/sousarmb/flows/tree/v1.0.0"
            },
            "time": "2024-05-23T22:58:04+00:00"
        }
    ],
    "packages-dev": [],
    "aliases": [],
    "minimum-stability": "stable",
    "stability-flags": [],
    "prefer-stable": false,
    "prefer-lowest": false,
    "platform": [],
    "platform-dev": [],
    "plugin-api-version": "2.6.0"
}
